// !$*UTF8*$!
{
	archiveVersion = 1;
	classes = {
	};
	objectVersion = 77;
	objects = {

/* Begin PBXBuildFile section */
		FDAD4A1B303253450066BE40 /* Score Tracker Watch App.app in Embed Watch Content */ = {isa = PBXBuildFile; fileRef = FDAD4A1A303253450066BE40 /* Score Tracker Watch App.app */; settings = {ATTRIBUTES = (RemoveHeadersOnCopy, ); }; };
/* End PBXBuildFile section */

/* Begin PBXContainerItemProxy section */
		FDAD4A1C303253450066BE40 /* PBXContainerItemProxy */ = {
			isa = PBXContainerItemProxy;
			containerPortal = FDAD4A0E303253450066BE40 /* Project object */;
			proxyType = 1;
			remoteGlobalIDString = FDAD4A19303253450066BE40;
			remoteInfo = "Score Tracker Watch App";
		};
		FDAD4A2A3032534A0066BE40 /* PBXContainerItemProxy */ = {
			isa = PBXContainerItemProxy;
			containerPortal = FDAD4A0E303253450066BE40 /* Project object */;
			proxyType = 1;
			remoteGlobalIDString = FDAD4A19303253450066BE40;
			remoteInfo = "Score Tracker Watch App";
		};
		FDAD4A343032534A0066BE40 /* PBXContainerItemProxy */ = {
			isa = PBXContainerItemProxy;
			containerPortal = FDAD4A0E303253450066BE40 /* Project object */;
			proxyType = 1;
			remoteGlobalIDString = FDAD4A19303253450066BE40;
			remoteInfo = "Score Tracker Watch App";
		};
/* End PBXContainerItemProxy section */

/* Begin PBXCopyFilesBuildPhase section */
		FDAD4A403032534A0066BE40 /* Embed Watch Content */ = {
			isa = PBXCopyFilesBuildPhase;
			buildActionMask = 2147483647;
			dstPath = "$(CONTENTS_FOLDER_PATH)/Watch";
			dstSubfolderSpec = 16;
			files = (
				FDAD4A1B303253450066BE40 /* Score Tracker Watch App.app in Embed Watch Content */,
			);
			name = "Embed Watch Content";
			runOnlyForDeploymentPostprocessing = 0;
		};
/* End PBXCopyFilesBuildPhase section */

/* Begin PBXFileReference section */
		FDAD4A14303253450066BE40 /* Score Tracker.app */ = {isa = PBXFileReference; explicitFileType = wrapper.application; includeInIndex = 0; path = "Score Tracker.app"; sourceTree = BUILT_PRODUCTS_DIR; };
		FDAD4A1A303253450066BE40 /* Score Tracker Watch App.app */ = {isa = PBXFileReference; explicitFileType = wrapper.application; includeInIndex = 0; path = "Score Tracker Watch App.app"; sourceTree = BUILT_PRODUCTS_DIR; };
		FDAD4A293032534A0066BE40 /* Score Tracker Watch AppTests.xctest */ = {isa = PBXFileReference; explicitFileType = wrapper.cfbundle; includeInIndex = 0; path = "Score Tracker Watch AppTests.xctest"; sourceTree = BUILT_PRODUCTS_DIR; };
		FDAD4A333032534A0066BE40 /* Score Tracker Watch AppUITests.xctest */ = {isa = PBXFileReference; explicitFileType = wrapper.cfbundle; includeInIndex = 0; path = "Score Tracker Watch AppUITests.xctest"; sourceTree = BUILT_PRODUCTS_DIR; };
/* End PBXFileReference section */

/* Begin PBXFileSystemSynchronizedRootGroup section */
		FDAD4A1E303253450066BE40 /* Score Tracker Watch App */ = {
			isa = PBXFileSystemSynchronizedRootGroup;
			path = "Score Tracker Watch App";
			sourceTree = "<group>";
		};
		FDAD4A2C3032534A0066BE40 /* Score Tracker Watch AppTests */ = {
			isa = PBXFileSystemSynchronizedRootGroup;
			path = "Score Tracker Watch AppTests";
			sourceTree = "<group>";
		};
		FDAD4A363032534A0066BE40 /* Score Tracker Watch AppUITests */ = {
			isa = PBXFileSystemSynchronizedRootGroup;
			path = "Score Tracker Watch AppUITests";
			sourceTree = "<group>";
		};
/* End PBXFileSystemSynchronizedRootGroup section */

/* Begin PBXFrameworksBuildPhase section */
		FDAD4A17303253450066BE40 /* Frameworks */ = {
			isa = PBXFrameworksBuildPhase;
			buildActionMask = 2147483647;
			files = (
			);
			runOnlyForDeploymentPostprocessing = 0;
		};
		FDAD4A263032534A0066BE40 /* Frameworks */ = {
			isa = PBXFrameworksBuildPhase;
			buildActionMask = 2147483647;
			files = (
			);
			runOnlyForDeploymentPostprocessing = 0;
		};
		FDAD4A303032534A0066BE40 /* Frameworks */ = {
			isa = PBXFrameworksBuildPhase;
			buildActionMask = 2147483647;
			files = (
			);
			runOnlyForDeploymentPostprocessing = 0;
		};
/* End PBXFrameworksBuildPhase section */

/* Begin PBXGroup section */
		FDAD4A0D303253450066BE40 = {
			isa = PBXGroup;
			children = (
				FDAD4A1E303253450066BE40 /* Score Tracker Watch App */,
				FDAD4A2C3032534A0066BE40 /* Score Tracker Watch AppTests */,
				FDAD4A363032534A0066BE40 /* Score Tracker Watch AppUITests */,
				FDAD4A15303253450066BE40 /* Products */,
			);
			sourceTree = "<group>";
		};
		FDAD4A15303253450066BE40 /* Products */ = {
			isa = PBXGroup;
			children = (
				FDAD4A14303253450066BE40 /* Score Tracker.app */,
				FDAD4A1A303253450066BE40 /* Score Tracker Watch App.app */,
				FDAD4A293032534A0066BE40 /* Score Tracker Watch AppTests.xctest */,
				FDAD4A333032534A0066BE40 /* Score Tracker Watch AppUITests.xctest */,
			);
			name = Products;
			sourceTree = "<group>";
		};
/* End PBXGroup section */

/* Begin PBXNativeTarget section */
		FDAD4A13303253450066BE40 /* Score Tracker */ = {
			isa = PBXNativeTarget;
			buildConfigurationList = FDAD4A413032534A0066BE40 /* Build configuration list for PBXNativeTarget "Score Tracker" */;
			buildPhases = (
				FDAD4A12303253450066BE40 /* Resources */,
				FDAD4A403032534A0066BE40 /* Embed Watch Content */,
			);
			buildRules = (
			);
			dependencies = (
				FDAD4A1D303253450066BE40 /* PBXTargetDependency */,
			);
			name = "Score Tracker";
			packageProductDependencies = (
			);
			productName = "Score Tracker";
			productReference = FDAD4A14303253450066BE40 /* Score Tracker.app */;
			productType = "com.apple.product-type.application.watchapp2-container";
		};
		FDAD4A19303253450066BE40 /* Score Tracker Watch App */ = {
			isa = PBXNativeTarget;
			buildConfigurationList = FDAD4A3D3032534A0066BE40 /* Build configuration list for PBXNativeTarget "Score Tracker Watch App" */;
			buildPhases = (
				FDAD4A16303253450066BE40 /* Sources */,
				FDAD4A17303253450066BE40 /* Frameworks */,
				FDAD4A18303253450066BE40 /* Resources */,
			);
			buildRules = (
			);
			dependencies = (
			);
			fileSystemSynchronizedGroups = (
				FDAD4A1E303253450066BE40 /* Score Tracker Watch App */,
			);
			name = "Score Tracker Watch App";
			packageProductDependencies = (
			);
			productName = "Score Tracker Watch App";
			productReference = FDAD4A1A303253450066BE40 /* Score Tracker Watch App.app */;
			productType = "com.apple.product-type.application";
		};
		FDAD4A283032534A0066BE40 /* Score Tracker Watch AppTests */ = {
			isa = PBXNativeTarget;
			buildConfigurationList = FDAD4A443032534A0066BE40 /* Build configuration list for PBXNativeTarget "Score Tracker Watch AppTests" */;
			buildPhases = (
				FDAD4A253032534A0066BE40 /* Sources */,
				FDAD4A263032534A0066BE40 /* Frameworks */,
				FDAD4A273032534A0066BE40 /* Resources */,
			);
			buildRules = (
			);
			dependencies = (
				FDAD4A2B3032534A0066BE40 /* PBXTargetDependency */,
			);
			fileSystemSynchronizedGroups = (
				FDAD4A2C3032534A0066BE40 /* Score Tracker Watch AppTests */,
			);
			name = "Score Tracker Watch AppTests";
			packageProductDependencies = (
			);
			productName = "Score Tracker Watch AppTests";
			productReference = FDAD4A293032534A0066BE40 /* Score Tracker Watch AppTests.xctest */;
			productType = "com.apple.product-type.bundle.unit-test";
		};
		FDAD4A323032534A0066BE40 /* Score Tracker Watch AppUITests */ = {
			isa = PBXNativeTarget;
			buildConfigurationList = FDAD4A473032534A0066BE40 /* Build configuration list for PBXNativeTarget "Score Tracker Watch AppUITests" */;
			buildPhases = (
				FDAD4A2F3032534A0066BE40 /* Sources */,
				FDAD4A303032534A0066BE40 /* Frameworks */,
				FDAD4A313032534A0066BE40 /* Resources */,
			);
			buildRules = (
			);
			dependencies = (
				FDAD4A353032534A0066BE40 /* PBXTargetDependency */,
			);
			fileSystemSynchronizedGroups = (
				FDAD4A363032534A0066BE40 /* Score Tracker Watch AppUITests */,
			);
			name = "Score Tracker Watch AppUITests";
			packageProductDependencies = (
			);
			productName = "Score Tracker Watch AppUITests";
			productReference = FDAD4A333032534A0066BE40 /* Score Tracker Watch AppUITests.xctest */;
			productType = "com.apple.product-type.bundle.ui-testing";
		};
/* End PBXNativeTarget section */

/* Begin PBXProject section */
		FDAD4A0E303253450066BE40 /* Project object */ = {
			isa = PBXProject;
			attributes = {
				BuildIndependentTargetsInParallel = 1;
				LastSwiftUpdateCheck = 2650;
				LastUpgradeCheck = 2650;
				TargetAttributes = {
					FDAD4A13303253450066BE40 = {
						CreatedOnToolsVersion = 26.5;
					};
					FDAD4A19303253450066BE40 = {
						CreatedOnToolsVersion = 26.5;
					};
					FDAD4A283032534A0066BE40 = {
						CreatedOnToolsVersion = 26.5;
						TestTargetID = FDAD4A19303253450066BE40;
					};
					FDAD4A323032534A0066BE40 = {
						CreatedOnToolsVersion = 26.5;
						TestTargetID = FDAD4A19303253450066BE40;
					};
				};
			};
			buildConfigurationList = FDAD4A11303253450066BE40 /* Build configuration list for PBXProject "Score Tracker" */;
			developmentRegion = en;
			hasScannedForEncodings = 0;
			knownRegions = (
				en,
				Base,
			);
			mainGroup = FDAD4A0D303253450066BE40;
			minimizedProjectReferenceProxies = 1;
			preferredProjectObjectVersion = 77;
			productRefGroup = FDAD4A15303253450066BE40 /* Products */;
			projectDirPath = "";
			projectRoot = "";
			targets = (
				FDAD4A13303253450066BE40 /* Score Tracker */,
				FDAD4A19303253450066BE40 /* Score Tracker Watch App */,
				FDAD4A283032534A0066BE40 /* Score Tracker Watch AppTests */,
				FDAD4A323032534A0066BE40 /* Score Tracker Watch AppUITests */,
			);
		};
/* End PBXProject section */

/* Begin PBXResourcesBuildPhase section */
		FDAD4A12303253450066BE40 /* Resources */ = {
			isa = PBXResourcesBuildPhase;
			buildActionMask = 2147483647;
			files = (
			);
			runOnlyForDeploymentPostprocessing = 0;
		};
		FDAD4A18303253450066BE40 /* Resources */ = {
			isa = PBXResourcesBuildPhase;
			buildActionMask = 2147483647;
			files = (
			);
			runOnlyForDeploymentPostprocessing = 0;
		};
		FDAD4A273032534A0066BE40 /* Resources */ = {
			isa = PBXResourcesBuildPhase;
			buildActionMask = 2147483647;
			files = (
			);
			runOnlyForDeploymentPostprocessing = 0;
		};
		FDAD4A313032534A0066BE40 /* Resources */ = {
			isa = PBXResourcesBuildPhase;
			buildActionMask = 2147483647;
			files = (
			);
			runOnlyForDeploymentPostprocessing = 0;
		};
/* End PBXResourcesBuildPhase section */

/* Begin PBXSourcesBuildPhase section */
		FDAD4A16303253450066BE40 /* Sources */ = {
			isa = PBXSourcesBuildPhase;
			buildActionMask = 2147483647;
			files = (
			);
			runOnlyForDeploymentPostprocessing = 0;
		};
		FDAD4A253032534A0066BE40 /* Sources */ = {
			isa = PBXSourcesBuildPhase;
			buildActionMask = 2147483647;
			files = (
			);
			runOnlyForDeploymentPostprocessing = 0;
		};
		FDAD4A2F3032534A0066BE40 /* Sources */ = {
			isa = PBXSourcesBuildPhase;
			buildActionMask = 2147483647;
			files = (
			);
			runOnlyForDeploymentPostprocessing = 0;
		};
/* End PBXSourcesBuildPhase section */

/* Begin PBXTargetDependency section */
		FDAD4A1D303253450066BE40 /* PBXTargetDependency */ = {
			isa = PBXTargetDependency;
			target = FDAD4A19303253450066BE40 /* Score Tracker Watch App */;
			targetProxy = FDAD4A1C303253450066BE40 /* PBXContainerItemProxy */;
		};
		FDAD4A2B3032534A0066BE40 /* PBXTargetDependency */ = {
			isa = PBXTargetDependency;
			target = FDAD4A19303253450066BE40 /* Score Tracker Watch App */;
			targetProxy = FDAD4A2A3032534A0066BE40 /* PBXContainerItemProxy */;
		};
		FDAD4A353032534A0066BE40 /* PBXTargetDependency */ = {
			isa = PBXTargetDependency;
			target = FDAD4A19303253450066BE40 /* Score Tracker Watch App */;
			targetProxy = FDAD4A343032534A0066BE40 /* PBXContainerItemProxy */;
		};
/* End PBXTargetDependency section */

/* Begin XCBuildConfiguration section */
		FDAD4A3B3032534A0066BE40 /* Debug */ = {
			isa = XCBuildConfiguration;
			buildSettings = {
				ALWAYS_SEARCH_USER_PATHS = NO;
				ASSETCATALOG_COMPILER_GENERATE_SWIFT_ASSET_SYMBOL_EXTENSIONS = YES;
				CLANG_ANALYZER_NONNULL = YES;
				CLANG_ANALYZER_NUMBER_OBJECT_CONVERSION = YES_AGGRESSIVE;
				CLANG_CXX_LANGUAGE_STANDARD = "gnu++20";
				CLANG_ENABLE_MODULES = YES;
				CLANG_ENABLE_OBJC_ARC = YES;
				CLANG_ENABLE_OBJC_WEAK = YES;
				CLANG_WARN_BLOCK_CAPTURE_AUTORELEASING = YES;
				CLANG_WARN_BOOL_CONVERSION = YES;
				CLANG_WARN_COMMA = YES;
				CLANG_WARN_CONSTANT_CONVERSION = YES;
				CLANG_WARN_DEPRECATED_OBJC_IMPLEMENTATIONS = YES;
				CLANG_WARN_DIRECT_OBJC_ISA_USAGE = YES_ERROR;
				CLANG_WARN_DOCUMENTATION_COMMENTS = YES;
				CLANG_WARN_EMPTY_BODY = YES;
				CLANG_WARN_ENUM_CONVERSION = YES;
				CLANG_WARN_INFINITE_RECURSION = YES;
				CLANG_WARN_INT_CONVERSION = YES;
				CLANG_WARN_NON_LITERAL_NULL_CONVERSION = YES;
				CLANG_WARN_OBJC_IMPLICIT_RETAIN_SELF = YES;
				CLANG_WARN_OBJC_LITERAL_CONVERSION = YES;
				CLANG_WARN_OBJC_ROOT_CLASS = YES_ERROR;
				CLANG_WARN_QUOTED_INCLUDE_IN_FRAMEWORK_HEADER = YES;
				CLANG_WARN_RANGE_LOOP_ANALYSIS = YES;
				CLANG_WARN_STRICT_PROTOTYPES = YES;
				CLANG_WARN_SUSPICIOUS_MOVE = YES;
				CLANG_WARN_UNGUARDED_AVAILABILITY = YES_AGGRESSIVE;
				CLANG_WARN_UNREACHABLE_CODE = YES;
				CLANG_WARN__DUPLICATE_METHOD_MATCH = YES;
				COPY_PHASE_STRIP = NO;
				DEBUG_INFORMATION_FORMAT = dwarf;
				ENABLE_STRICT_OBJC_MSGSEND = YES;
				ENABLE_TESTABILITY = YES;
				ENABLE_USER_SCRIPT_SANDBOXING = YES;
				GCC_C_LANGUAGE_STANDARD = gnu17;
				GCC_DYNAMIC_NO_PIC = NO;
				GCC_NO_COMMON_BLOCKS = YES;
				GCC_OPTIMIZATION_LEVEL = 0;
				GCC_PREPROCESSOR_DEFINITIONS = (
					"DEBUG=1",
					"$(inherited)",
				);
				GCC_WARN_64_TO_32_BIT_CONVERSION = YES;
				GCC_WARN_ABOUT_RETURN_TYPE = YES_ERROR;
				GCC_WARN_UNDECLARED_SELECTOR = YES;
				GCC_WARN_UNINITIALIZED_AUTOS = YES_AGGRESSIVE;
				GCC_WARN_UNUSED_FUNCTION = YES;
				GCC_WARN_UNUSED_VARIABLE = YES;
				LOCALIZATION_PREFERS_STRING_CATALOGS = YES;
				MTL_ENABLE_DEBUG_INFO = INCLUDE_SOURCE;
				MTL_FAST_MATH = YES;
				ONLY_ACTIVE_ARCH = YES;
				SWIFT_ACTIVE_COMPILATION_CONDITIONS = "DEBUG $(inherited)";
				SWIFT_OPTIMIZATION_LEVEL = "-Onone";
			};
			name = Debug;
		};
		FDAD4A3C3032534A0066BE40 /* Release */ = {
			isa = XCBuildConfiguration;
			buildSettings = {
				ALWAYS_SEARCH_USER_PATHS = NO;
				ASSETCATALOG_COMPILER_GENERATE_SWIFT_ASSET_SYMBOL_EXTENSIONS = YES;
				CLANG_ANALYZER_NONNULL = YES;
				CLANG_ANALYZER_NUMBER_OBJECT_CONVERSION = YES_AGGRESSIVE;
				CLANG_CXX_LANGUAGE_STANDARD = "gnu++20";
				CLANG_ENABLE_MODULES = YES;
				CLANG_ENABLE_OBJC_ARC = YES;
				CLANG_ENABLE_OBJC_WEAK = YES;
				CLANG_WARN_BLOCK_CAPTURE_AUTORELEASING = YES;
				CLANG_WARN_BOOL_CONVERSION = YES;
				CLANG_WARN_COMMA = YES;
				CLANG_WARN_CONSTANT_CONVERSION = YES;
				CLANG_WARN_DEPRECATED_OBJC_IMPLEMENTATIONS = YES;
				CLANG_WARN_DIRECT_OBJC_ISA_USAGE = YES_ERROR;
				CLANG_WARN_DOCUMENTATION_COMMENTS = YES;
				CLANG_WARN_EMPTY_BODY = YES;
				CLANG_WARN_ENUM_CONVERSION = YES;
				CLANG_WARN_INFINITE_RECURSION = YES;
				CLANG_WARN_INT_CONVERSION = YES;
				CLANG_WARN_NON_LITERAL_NULL_CONVERSION = YES;
				CLANG_WARN_OBJC_IMPLICIT_RETAIN_SELF = YES;
				CLANG_WARN_OBJC_LITERAL_CONVERSION = YES;
				CLANG_WARN_OBJC_ROOT_CLASS = YES_ERROR;
				CLANG_WARN_QUOTED_INCLUDE_IN_FRAMEWORK_HEADER = YES;
				CLANG_WARN_RANGE_LOOP_ANALYSIS = YES;
				CLANG_WARN_STRICT_PROTOTYPES = YES;
				CLANG_WARN_SUSPICIOUS_MOVE = YES;
				CLANG_WARN_UNGUARDED_AVAILABILITY = YES_AGGRESSIVE;
				CLANG_WARN_UNREACHABLE_CODE = YES;
				CLANG_WARN__DUPLICATE_METHOD_MATCH = YES;
				COPY_PHASE_STRIP = NO;
				DEBUG_INFORMATION_FORMAT = "dwarf-with-dsym";
				ENABLE_NS_ASSERTIONS = NO;
				ENABLE_STRICT_OBJC_MSGSEND = YES;
				ENABLE_USER_SCRIPT_SANDBOXING = YES;
				GCC_C_LANGUAGE_STANDARD = gnu17;
				GCC_NO_COMMON_BLOCKS = YES;
				GCC_WARN_64_TO_32_BIT_CONVERSION = YES;
				GCC_WARN_ABOUT_RETURN_TYPE = YES_ERROR;
				GCC_WARN_UNDECLARED_SELECTOR = YES;
				GCC_WARN_UNINITIALIZED_AUTOS = YES_AGGRESSIVE;
				GCC_WARN_UNUSED_FUNCTION = YES;
				GCC_WARN_UNUSED_VARIABLE = YES;
				LOCALIZATION_PREFERS_STRING_CATALOGS = YES;
				MTL_ENABLE_DEBUG_INFO = NO;
				MTL_FAST_MATH = YES;
				SWIFT_COMPILATION_MODE = wholemodule;
			};
			name = Release;
		};
		FDAD4A3E3032534A0066BE40 /* Debug */ = {
			isa = XCBuildConfiguration;
			buildSettings = {
				ASSETCATALOG_COMPILER_APPICON_NAME = AppIcon;
				ASSETCATALOG_COMPILER_GLOBAL_ACCENT_COLOR_NAME = AccentColor;
				CODE_SIGN_STYLE = Automatic;
				CURRENT_PROJECT_VERSION = 1;
				ENABLE_PREVIEWS = YES;
				GENERATE_INFOPLIST_FILE = YES;
				INFOPLIST_KEY_CFBundleDisplayName = "Score Tracker";
				INFOPLIST_KEY_UISupportedInterfaceOrientations = "UIInterfaceOrientationPortrait UIInterfaceOrientationPortraitUpsideDown";
				INFOPLIST_KEY_WKWatchOnly = YES;
				LD_RUNPATH_SEARCH_PATHS = (
					"$(inherited)",
					"@executable_path/Frameworks",
				);
				MARKETING_VERSION = 1.0;
				PRODUCT_BUNDLE_IDENTIFIER = "com.xucheng.Score-Tracker.watchkitapp";
				PRODUCT_NAME = "$(TARGET_NAME)";
				SDKROOT = watchos;
				SKIP_INSTALL = YES;
				STRING_CATALOG_GENERATE_SYMBOLS = YES;
				SWIFT_APPROACHABLE_CONCURRENCY = YES;
				SWIFT_DEFAULT_ACTOR_ISOLATION = MainActor;
				SWIFT_EMIT_LOC_STRINGS = YES;
				SWIFT_UPCOMING_FEATURE_MEMBER_IMPORT_VISIBILITY = YES;
				SWIFT_VERSION = 5.0;
				TARGETED_DEVICE_FAMILY = 4;
				WATCHOS_DEPLOYMENT_TARGET = 26.5;
			};
			name = Debug;
		};
		FDAD4A3F3032534A0066BE40 /* Release */ = {
			isa = XCBuildConfiguration;
			buildSettings = {
				ASSETCATALOG_COMPILER_APPICON_NAME = AppIcon;
				ASSETCATALOG_COMPILER_GLOBAL_ACCENT_COLOR_NAME = AccentColor;
				CODE_SIGN_STYLE = Automatic;
				CURRENT_PROJECT_VERSION = 1;
				ENABLE_PREVIEWS = YES;
				GENERATE_INFOPLIST_FILE = YES;
				INFOPLIST_KEY_CFBundleDisplayName = "Score Tracker";
				INFOPLIST_KEY_UISupportedInterfaceOrientations = "UIInterfaceOrientationPortrait UIInterfaceOrientationPortraitUpsideDown";
				INFOPLIST_KEY_WKWatchOnly = YES;
				LD_RUNPATH_SEARCH_PATHS = (
					"$(inherited)",
					"@executable_path/Frameworks",
				);
				MARKETING_VERSION = 1.0;
				PRODUCT_BUNDLE_IDENTIFIER = "com.xucheng.Score-Tracker.watchkitapp";
				PRODUCT_NAME = "$(TARGET_NAME)";
				SDKROOT = watchos;
				SKIP_INSTALL = YES;
				STRING_CATALOG_GENERATE_SYMBOLS = YES;
				SWIFT_APPROACHABLE_CONCURRENCY = YES;
				SWIFT_DEFAULT_ACTOR_ISOLATION = MainActor;
				SWIFT_EMIT_LOC_STRINGS = YES;
				SWIFT_UPCOMING_FEATURE_MEMBER_IMPORT_VISIBILITY = YES;
				SWIFT_VERSION = 5.0;
				TARGETED_DEVICE_FAMILY = 4;
				VALIDATE_PRODUCT = YES;
				WATCHOS_DEPLOYMENT_TARGET = 26.5;
			};
			name = Release;
		};
		FDAD4A423032534A0066BE40 /* Debug */ = {
			isa = XCBuildConfiguration;
			buildSettings = {
				CODE_SIGN_STYLE = Automatic;
				CURRENT_PROJECT_VERSION = 1;
				INFOPLIST_KEY_CFBundleDisplayName = "Score Tracker";
				MARKETING_VERSION = 1.0;
				PRODUCT_BUNDLE_IDENTIFIER = "com.xucheng.Score-Tracker";
				PRODUCT_NAME = "$(TARGET_NAME)";
				SDKROOT = iphoneos;
				SWIFT_APPROACHABLE_CONCURRENCY = YES;
				SWIFT_UPCOMING_FEATURE_MEMBER_IMPORT_VISIBILITY = YES;
				SWIFT_VERSION = 5.0;
			};
			name = Debug;
		};
		FDAD4A433032534A0066BE40 /* Release */ = {
			isa = XCBuildConfiguration;
			buildSettings = {
				CODE_SIGN_STYLE = Automatic;
				CURRENT_PROJECT_VERSION = 1;
				INFOPLIST_KEY_CFBundleDisplayName = "Score Tracker";
				MARKETING_VERSION = 1.0;
				PRODUCT_BUNDLE_IDENTIFIER = "com.xucheng.Score-Tracker";
				PRODUCT_NAME = "$(TARGET_NAME)";
				SDKROOT = iphoneos;
				SWIFT_APPROACHABLE_CONCURRENCY = YES;
				SWIFT_UPCOMING_FEATURE_MEMBER_IMPORT_VISIBILITY = YES;
				SWIFT_VERSION = 5.0;
				VALIDATE_PRODUCT = YES;
			};
			name = Release;
		};
		FDAD4A453032534A0066BE40 /* Debug */ = {
			isa = XCBuildConfiguration;
			buildSettings = {
				BUNDLE_LOADER = "$(TEST_HOST)";
				CODE_SIGN_STYLE = Automatic;
				CURRENT_PROJECT_VERSION = 1;
				GENERATE_INFOPLIST_FILE = YES;
				MARKETING_VERSION = 1.0;
				PRODUCT_BUNDLE_IDENTIFIER = "com.xucheng.Score-Tracker-Watch-AppTests";
				PRODUCT_NAME = "$(TARGET_NAME)";
				SDKROOT = watchos;
				STRING_CATALOG_GENERATE_SYMBOLS = NO;
				SWIFT_APPROACHABLE_CONCURRENCY = YES;
				SWIFT_EMIT_LOC_STRINGS = NO;
				SWIFT_UPCOMING_FEATURE_MEMBER_IMPORT_VISIBILITY = YES;
				SWIFT_VERSION = 5.0;
				TARGETED_DEVICE_FAMILY = 4;
				TEST_HOST = "$(BUILT_PRODUCTS_DIR)/Score Tracker Watch App.app/$(BUNDLE_EXECUTABLE_FOLDER_PATH)/Score Tracker Watch App";
				WATCHOS_DEPLOYMENT_TARGET = 26.5;
			};
			name = Debug;
		};
		FDAD4A463032534A0066BE40 /* Release */ = {
			isa = XCBuildConfiguration;
			buildSettings = {
				BUNDLE_LOADER = "$(TEST_HOST)";
				CODE_SIGN_STYLE = Automatic;
				CURRENT_PROJECT_VERSION = 1;
				GENERATE_INFOPLIST_FILE = YES;
				MARKETING_VERSION = 1.0;
				PRODUCT_BUNDLE_IDENTIFIER = "com.xucheng.Score-Tracker-Watch-AppTests";
				PRODUCT_NAME = "$(TARGET_NAME)";
				SDKROOT = watchos;
				STRING_CATALOG_GENERATE_SYMBOLS = NO;
				SWIFT_APPROACHABLE_CONCURRENCY = YES;
				SWIFT_EMIT_LOC_STRINGS = NO;
				SWIFT_UPCOMING_FEATURE_MEMBER_IMPORT_VISIBILITY = YES;
				SWIFT_VERSION = 5.0;
				TARGETED_DEVICE_FAMILY = 4;
				TEST_HOST = "$(BUILT_PRODUCTS_DIR)/Score Tracker Watch App.app/$(BUNDLE_EXECUTABLE_FOLDER_PATH)/Score Tracker Watch App";
				VALIDATE_PRODUCT = YES;
				WATCHOS_DEPLOYMENT_TARGET = 26.5;
			};
			name = Release;
		};
		FDAD4A483032534A0066BE40 /* Debug */ = {
			isa = XCBuildConfiguration;
			buildSettings = {
				CODE_SIGN_STYLE = Automatic;
				CURRENT_PROJECT_VERSION = 1;
				GENERATE_INFOPLIST_FILE = YES;
				MARKETING_VERSION = 1.0;
				PRODUCT_BUNDLE_IDENTIFIER = "com.xucheng.Score-Tracker-Watch-AppUITests";
				PRODUCT_NAME = "$(TARGET_NAME)";
				SDKROOT = watchos;
				STRING_CATALOG_GENERATE_SYMBOLS = NO;
				SWIFT_APPROACHABLE_CONCURRENCY = YES;
				SWIFT_EMIT_LOC_STRINGS = NO;
				SWIFT_UPCOMING_FEATURE_MEMBER_IMPORT_VISIBILITY = YES;
				SWIFT_VERSION = 5.0;
				TARGETED_DEVICE_FAMILY = 4;
				TEST_TARGET_NAME = "Score Tracker Watch App";
				WATCHOS_DEPLOYMENT_TARGET = 26.5;
			};
			name = Debug;
		};
		FDAD4A493032534A0066BE40 /* Release */ = {
			isa = XCBuildConfiguration;
			buildSettings = {
				CODE_SIGN_STYLE = Automatic;
				CURRENT_PROJECT_VERSION = 1;
				GENERATE_INFOPLIST_FILE = YES;
				MARKETING_VERSION = 1.0;
				PRODUCT_BUNDLE_IDENTIFIER = "com.xucheng.Score-Tracker-Watch-AppUITests";
				PRODUCT_NAME = "$(TARGET_NAME)";
				SDKROOT = watchos;
				STRING_CATALOG_GENERATE_SYMBOLS = NO;
				SWIFT_APPROACHABLE_CONCURRENCY = YES;
				SWIFT_EMIT_LOC_STRINGS = NO;
				SWIFT_UPCOMING_FEATURE_MEMBER_IMPORT_VISIBILITY = YES;
				SWIFT_VERSION = 5.0;
				TARGETED_DEVICE_FAMILY = 4;
				TEST_TARGET_NAME = "Score Tracker Watch App";
				VALIDATE_PRODUCT = YES;
				WATCHOS_DEPLOYMENT_TARGET = 26.5;
			};
			name = Release;
		};
/* End XCBuildConfiguration section */

/* Begin XCConfigurationList section */
		FDAD4A11303253450066BE40 /* Build configuration list for PBXProject "Score Tracker" */ = {
			isa = XCConfigurationList;
			buildConfigurations = (
				FDAD4A3B3032534A0066BE40 /* Debug */,
				FDAD4A3C3032534A0066BE40 /* Release */,
			);
			defaultConfigurationIsVisible = 0;
			defaultConfigurationName = Release;
		};
		FDAD4A3D3032534A0066BE40 /* Build configuration list for PBXNativeTarget "Score Tracker Watch App" */ = {
			isa = XCConfigurationList;
			buildConfigurations = (
				FDAD4A3E3032534A0066BE40 /* Debug */,
				FDAD4A3F3032534A0066BE40 /* Release */,
			);
			defaultConfigurationIsVisible = 0;
			defaultConfigurationName = Release;
		};
		FDAD4A413032534A0066BE40 /* Build configuration list for PBXNativeTarget "Score Tracker" */ = {
			isa = XCConfigurationList;
			buildConfigurations = (
				FDAD4A423032534A0066BE40 /* Debug */,
				FDAD4A433032534A0066BE40 /* Release */,
			);
			defaultConfigurationIsVisible = 0;
			defaultConfigurationName = Release;
		};
		FDAD4A443032534A0066BE40 /* Build configuration list for PBXNativeTarget "Score Tracker Watch AppTests" */ = {
			isa = XCConfigurationList;
			buildConfigurations = (
				FDAD4A453032534A0066BE40 /* Debug */,
				FDAD4A463032534A0066BE40 /* Release */,
			);
			defaultConfigurationIsVisible = 0;
			defaultConfigurationName = Release;
		};
		FDAD4A473032534A0066BE40 /* Build configuration list for PBXNativeTarget "Score Tracker Watch AppUITests" */ = {
			isa = XCConfigurationList;
			buildConfigurations = (
				FDAD4A483032534A0066BE40 /* Debug */,
				FDAD4A493032534A0066BE40 /* Release */,
			);
			defaultConfigurationIsVisible = 0;
			defaultConfigurationName = Release;
		};
/* End XCConfigurationList section */
	};
	rootObject = FDAD4A0E303253450066BE40 /* Project object */;
}
